
Microsoft Visual Studio Solution File, Format Version 12.00
# Visual Studio Version 17
VisualStudioVersion = 17.11.35208.52
MinimumVisualStudioVersion = 10.0.40219.1
Project("{888888A0-9F3D-457C-B088-3A5042F75D52}") = "Discord_Bot", "Discord_Bot.pyproj", "{896D2227-2AC6-48D8-A077-58AED0F871A7}"
EndProject
Global
	GlobalSection(SolutionConfigurationPlatforms) = preSolution
		Debug|Any CPU = Debug|Any CPU
		Release|Any CPU = Release|Any CPU
	EndGlobalSection
	GlobalSection(ProjectConfigurationPlatforms) = postSolution
		{896D2227-2AC6-48D8-A077-58AED0F871A7}.Debug|Any CPU.ActiveCfg = Debug|Any CPU
		{896D2227-2AC6-48D8-A077-58AED0F871A7}.Release|Any CPU.ActiveCfg = Release|Any CPU
	EndGlobalSection
	GlobalSection(SolutionProperties) = preSolution
		HideSolutionNode = FALSE
	EndGlobalSection
	GlobalSection(ExtensibilityGlobals) = postSolution
		SolutionGuid = {9AAC61EC-9F7A-4B1C-803B-75F86CBC6963}
	EndGlobalSection
EndGlobal
